
Microsoft Visual Studio Solution File, Format Version 12.00
# Visual Studio Version 17
VisualStudioVersion = 17.0.31903.59
MinimumVisualStudioVersion = 10.0.40219.1
Project("{FAE04EC0-301F-11D3-BF4B-00C04F79EFBC}") = "Domain", "Domain\Domain.csproj", "{CDF9BE4C-A757-43F5-9623-6E748DAF8B56}"
EndProject
Project("{FAE04EC0-301F-11D3-BF4B-00C04F79EFBC}") = "Infrastructure", "Infrastructure\Infrastructure.csproj", "{B7DC2A29-665F-42CE-813D-504EA5E3EE66}"
EndProject
Project("{FAE04EC0-301F-11D3-BF4B-00C04F79EFBC}") = "WebApi", "WebApi\WebApi.csproj", "{87F9D965-CFD9-4B23-8A2B-FA99D5504165}"
EndProject
Project("{2150E333-8FDC-42A3-9474-1A3956D46DE8}") = "Tests", "Tests", "{0AB3BF05-4346-4AA6-1389-037BE0695223}"
EndProject
Project("{FAE04EC0-301F-11D3-BF4B-00C04F79EFBC}") = "Reservation.Tests", "Tests\Reservation.Tests.csproj", "{030BA778-4882-4686-9C12-5A901A26BF7D}"
EndProject
Global
	GlobalSection(SolutionConfigurationPlatforms) = preSolution
		Debug|Any CPU = Debug|Any CPU
		Debug|x64 = Debug|x64
		Debug|x86 = Debug|x86
		Release|Any CPU = Release|Any CPU
		Release|x64 = Release|x64
		Release|x86 = Release|x86
	EndGlobalSection
	GlobalSection(ProjectConfigurationPlatforms) = postSolution
		{CDF9BE4C-A757-43F5-9623-6E748DAF8B56}.Debug|Any CPU.ActiveCfg = Debug|Any CPU
		{CDF9BE4C-A757-43F5-9623-6E748DAF8B56}.Debug|Any CPU.Build.0 = Debug|Any CPU
		{CDF9BE4C-A757-43F5-9623-6E748DAF8B56}.Debug|x64.ActiveCfg = Debug|Any CPU
		{CDF9BE4C-A757-43F5-9623-6E748DAF8B56}.Debug|x64.Build.0 = Debug|Any CPU
		{CDF9BE4C-A757-43F5-9623-6E748DAF8B56}.Debug|x86.ActiveCfg = Debug|Any CPU
		{CDF9BE4C-A757-43F5-9623-6E748DAF8B56}.Debug|x86.Build.0 = Debug|Any CPU
		{CDF9BE4C-A757-43F5-9623-6E748DAF8B56}.Release|Any CPU.ActiveCfg = Release|Any CPU
		{CDF9BE4C-A757-43F5-9623-6E748DAF8B56}.Release|Any CPU.Build.0 = Release|Any CPU
		{CDF9BE4C-A757-43F5-9623-6E748DAF8B56}.Release|x64.ActiveCfg = Release|Any CPU
		{CDF9BE4C-A757-43F5-9623-6E748DAF8B56}.Release|x64.Build.0 = Release|Any CPU
		{CDF9BE4C-A757-43F5-9623-6E748DAF8B56}.Release|x86.ActiveCfg = Release|Any CPU
		{CDF9BE4C-A757-43F5-9623-6E748DAF8B56}.Release|x86.Build.0 = Release|Any CPU
		{B7DC2A29-665F-42CE-813D-504EA5E3EE66}.Debug|Any CPU.ActiveCfg = Debug|Any CPU
		{B7DC2A29-665F-42CE-813D-504EA5E3EE66}.Debug|Any CPU.Build.0 = Debug|Any CPU
		{B7DC2A29-665F-42CE-813D-504EA5E3EE66}.Debug|x64.ActiveCfg = Debug|Any CPU
		{B7DC2A29-665F-42CE-813D-504EA5E3EE66}.Debug|x64.Build.0 = Debug|Any CPU
		{B7DC2A29-665F-42CE-813D-504EA5E3EE66}.Debug|x86.ActiveCfg = Debug|Any CPU
		{B7DC2A29-665F-42CE-813D-504EA5E3EE66}.Debug|x86.Build.0 = Debug|Any CPU
		{B7DC2A29-665F-42CE-813D-504EA5E3EE66}.Release|Any CPU.ActiveCfg = Release|Any CPU
		{B7DC2A29-665F-42CE-813D-504EA5E3EE66}.Release|Any CPU.Build.0 = Release|Any CPU
		{B7DC2A29-665F-42CE-813D-504EA5E3EE66}.Release|x64.ActiveCfg = Release|Any CPU
		{B7DC2A29-665F-42CE-813D-504EA5E3EE66}.Release|x64.Build.0 = Release|Any CPU
		{B7DC2A29-665F-42CE-813D-504EA5E3EE66}.Release|x86.ActiveCfg = Release|Any CPU
		{B7DC2A29-665F-42CE-813D-504EA5E3EE66}.Release|x86.Build.0 = Release|Any CPU
		{87F9D965-CFD9-4B23-8A2B-FA99D5504165}.Debug|Any CPU.ActiveCfg = Debug|Any CPU
		{87F9D965-CFD9-4B23-8A2B-FA99D5504165}.Debug|Any CPU.Build.0 = Debug|Any CPU
		{87F9D965-CFD9-4B23-8A2B-FA99D5504165}.Debug|x64.ActiveCfg = Debug|Any CPU
		{87F9D965-CFD9-4B23-8A2B-FA99D5504165}.Debug|x64.Build.0 = Debug|Any CPU
		{87F9D965-CFD9-4B23-8A2B-FA99D5504165}.Debug|x86.ActiveCfg = Debug|Any CPU
		{87F9D965-CFD9-4B23-8A2B-FA99D5504165}.Debug|x86.Build.0 = Debug|Any CPU
		{87F9D965-CFD9-4B23-8A2B-FA99D5504165}.Release|Any CPU.ActiveCfg = Release|Any CPU
		{87F9D965-CFD9-4B23-8A2B-FA99D5504165}.Release|Any CPU.Build.0 = Release|Any CPU
		{87F9D965-CFD9-4B23-8A2B-FA99D5504165}.Release|x64.ActiveCfg = Release|Any CPU
		{87F9D965-CFD9-4B23-8A2B-FA99D5504165}.Release|x64.Build.0 = Release|Any CPU
		{87F9D965-CFD9-4B23-8A2B-FA99D5504165}.Release|x86.ActiveCfg = Release|Any CPU
		{87F9D965-CFD9-4B23-8A2B-FA99D5504165}.Release|x86.Build.0 = Release|Any CPU
		{030BA778-4882-4686-9C12-5A901A26BF7D}.Debug|Any CPU.ActiveCfg = Debug|Any CPU
		{030BA778-4882-4686-9C12-5A901A26BF7D}.Debug|Any CPU.Build.0 = Debug|Any CPU
		{030BA778-4882-4686-9C12-5A901A26BF7D}.Debug|x64.ActiveCfg = Debug|Any CPU
		{030BA778-4882-4686-9C12-5A901A26BF7D}.Debug|x64.Build.0 = Debug|Any CPU
		{030BA778-4882-4686-9C12-5A901A26BF7D}.Debug|x86.ActiveCfg = Debug|Any CPU
		{030BA778-4882-4686-9C12-5A901A26BF7D}.Debug|x86.Build.0 = Debug|Any CPU
		{030BA778-4882-4686-9C12-5A901A26BF7D}.Release|Any CPU.ActiveCfg = Release|Any CPU
		{030BA778-4882-4686-9C12-5A901A26BF7D}.Release|Any CPU.Build.0 = Release|Any CPU
		{030BA778-4882-4686-9C12-5A901A26BF7D}.Release|x64.ActiveCfg = Release|Any CPU
		{030BA778-4882-4686-9C12-5A901A26BF7D}.Release|x64.Build.0 = Release|Any CPU
		{030BA778-4882-4686-9C12-5A901A26BF7D}.Release|x86.ActiveCfg = Release|Any CPU
		{030BA778-4882-4686-9C12-5A901A26BF7D}.Release|x86.Build.0 = Release|Any CPU
	EndGlobalSection
	GlobalSection(SolutionProperties) = preSolution
		HideSolutionNode = FALSE
	EndGlobalSection
	GlobalSection(NestedProjects) = preSolution
		{030BA778-4882-4686-9C12-5A901A26BF7D} = {0AB3BF05-4346-4AA6-1389-037BE0695223}
	EndGlobalSection
EndGlobal
